
Microsoft Visual Studio Solution File, Format Version 12.00
# Visual Studio Version 17
VisualStudioVersion = 17.9.34728.123
MinimumVisualStudioVersion = 10.0.40219.1
Project("{FAE04EC0-301F-11D3-BF4B-00C04F79EFBC}") = "Teste_Cervantes", "Teste_Cervantes\Teste_Cervantes.csproj", "{7823270A-AD70-4C00-AB9B-FF833725DA53}"
EndProject
Global
	GlobalSection(SolutionConfigurationPlatforms) = preSolution
		Debug|Any CPU = Debug|Any CPU
		Release|Any CPU = Release|Any CPU
	EndGlobalSection
	GlobalSection(ProjectConfigurationPlatforms) = postSolution
		{7823270A-AD70-4C00-AB9B-FF833725DA53}.Debug|Any CPU.ActiveCfg = Debug|Any CPU
		{7823270A-AD70-4C00-AB9B-FF833725DA53}.Debug|Any CPU.Build.0 = Debug|Any CPU
		{7823270A-AD70-4C00-AB9B-FF833725DA53}.Release|Any CPU.ActiveCfg = Release|Any CPU
		{7823270A-AD70-4C00-AB9B-FF833725DA53}.Release|Any CPU.Build.0 = Release|Any CPU
	EndGlobalSection
	GlobalSection(SolutionProperties) = preSolution
		HideSolutionNode = FALSE
	EndGlobalSection
	GlobalSection(ExtensibilityGlobals) = postSolution
		SolutionGuid = {D3F79A0B-0E4A-4004-8BD1-D97692E014B6}
	EndGlobalSection
EndGlobal
